
Microsoft Visual Studio Solution File, Format Version 12.00
# Visual Studio Version 16
VisualStudioVersion = 16.0.31321.278
MinimumVisualStudioVersion = 10.0.40219.1
Project("{9A19103F-16F7-4668-BE54-9A1E7A4F7556}") = "BlogAPI.Web", "BlogAPI.Web\BlogAPI.Web.csproj", "{F003DDD4-52EE-466E-8516-81418EAD8DE5}"
EndProject
Project("{9A19103F-16F7-4668-BE54-9A1E7A4F7556}") = "BlogAPI.Models", "BlogAPI.Models\BlogAPI.Models.csproj", "{2D890661-61B1-4077-B5A1-BCFA215196F5}"
EndProject
Project("{9A19103F-16F7-4668-BE54-9A1E7A4F7556}") = "BlogAPI.Repository", "BlogAPI.Repository\BlogAPI.Repository.csproj", "{901947ED-9269-4807-AB31-8C49D85EE590}"
EndProject
Project("{FAE04EC0-301F-11D3-BF4B-00C04F79EFBC}") = "BlogAPI.Identity", "BlogAPI.Identity\BlogAPI.Identity.csproj", "{46EBD783-F859-4314-8494-E287FB1966BF}"
EndProject
Project("{FAE04EC0-301F-11D3-BF4B-00C04F79EFBC}") = "BlogAPI.Services", "BlogAPI.Services\BlogAPI.Services.csproj", "{4F25D0D3-97F7-4E1B-86F8-C4AF943D2616}"
EndProject
Global
	GlobalSection(SolutionConfigurationPlatforms) = preSolution
		Debug|Any CPU = Debug|Any CPU
		Release|Any CPU = Release|Any CPU
	EndGlobalSection
	GlobalSection(ProjectConfigurationPlatforms) = postSolution
		{F003DDD4-52EE-466E-8516-81418EAD8DE5}.Debug|Any CPU.ActiveCfg = Debug|Any CPU
		{F003DDD4-52EE-466E-8516-81418EAD8DE5}.Debug|Any CPU.Build.0 = Debug|Any CPU
		{F003DDD4-52EE-466E-8516-81418EAD8DE5}.Release|Any CPU.ActiveCfg = Release|Any CPU
		{F003DDD4-52EE-466E-8516-81418EAD8DE5}.Release|Any CPU.Build.0 = Release|Any CPU
		{2D890661-61B1-4077-B5A1-BCFA215196F5}.Debug|Any CPU.ActiveCfg = Debug|Any CPU
		{2D890661-61B1-4077-B5A1-BCFA215196F5}.Debug|Any CPU.Build.0 = Debug|Any CPU
		{2D890661-61B1-4077-B5A1-BCFA215196F5}.Release|Any CPU.ActiveCfg = Release|Any CPU
		{2D890661-61B1-4077-B5A1-BCFA215196F5}.Release|Any CPU.Build.0 = Release|Any CPU
		{901947ED-9269-4807-AB31-8C49D85EE590}.Debug|Any CPU.ActiveCfg = Debug|Any CPU
		{901947ED-9269-4807-AB31-8C49D85EE590}.Debug|Any CPU.Build.0 = Debug|Any CPU
		{901947ED-9269-4807-AB31-8C49D85EE590}.Release|Any CPU.ActiveCfg = Release|Any CPU
		{901947ED-9269-4807-AB31-8C49D85EE590}.Release|Any CPU.Build.0 = Release|Any CPU
		{46EBD783-F859-4314-8494-E287FB1966BF}.Debug|Any CPU.ActiveCfg = Debug|Any CPU
		{46EBD783-F859-4314-8494-E287FB1966BF}.Debug|Any CPU.Build.0 = Debug|Any CPU
		{46EBD783-F859-4314-8494-E287FB1966BF}.Release|Any CPU.ActiveCfg = Release|Any CPU
		{46EBD783-F859-4314-8494-E287FB1966BF}.Release|Any CPU.Build.0 = Release|Any CPU
		{4F25D0D3-97F7-4E1B-86F8-C4AF943D2616}.Debug|Any CPU.ActiveCfg = Debug|Any CPU
		{4F25D0D3-97F7-4E1B-86F8-C4AF943D2616}.Debug|Any CPU.Build.0 = Debug|Any CPU
		{4F25D0D3-97F7-4E1B-86F8-C4AF943D2616}.Release|Any CPU.ActiveCfg = Release|Any CPU
		{4F25D0D3-97F7-4E1B-86F8-C4AF943D2616}.Release|Any CPU.Build.0 = Release|Any CPU
	EndGlobalSection
	GlobalSection(SolutionProperties) = preSolution
		HideSolutionNode = FALSE
	EndGlobalSection
	GlobalSection(ExtensibilityGlobals) = postSolution
		SolutionGuid = {37319188-8237-4595-AD99-CC12A224F26B}
	EndGlobalSection
EndGlobal
