
Microsoft Visual Studio Solution File, Format Version 12.00
# Visual Studio Version 16
VisualStudioVersion = 16.0.31321.278
MinimumVisualStudioVersion = 10.0.40219.1
Project("{FAE04EC0-301F-11D3-BF4B-00C04F79EFBC}") = "BlogAPI.Web", "BlogAPI.Web\BlogAPI.Web.csproj", "{F003DDD4-52EE-466E-8516-81418EAD8DE5}"
EndProject
Global
	GlobalSection(SolutionConfigurationPlatforms) = preSolution
		Debug|Any CPU = Debug|Any CPU
		Release|Any CPU = Release|Any CPU
	EndGlobalSection
	GlobalSection(ProjectConfigurationPlatforms) = postSolution
		{F003DDD4-52EE-466E-8516-81418EAD8DE5}.Debug|Any CPU.ActiveCfg = Debug|Any CPU
		{F003DDD4-52EE-466E-8516-81418EAD8DE5}.Debug|Any CPU.Build.0 = Debug|Any CPU
		{F003DDD4-52EE-466E-8516-81418EAD8DE5}.Release|Any CPU.ActiveCfg = Release|Any CPU
		{F003DDD4-52EE-466E-8516-81418EAD8DE5}.Release|Any CPU.Build.0 = Release|Any CPU
	EndGlobalSection
	GlobalSection(SolutionProperties) = preSolution
		HideSolutionNode = FALSE
	EndGlobalSection
	GlobalSection(ExtensibilityGlobals) = postSolution
		SolutionGuid = {37319188-8237-4595-AD99-CC12A224F26B}
	EndGlobalSection
EndGlobal
